// !$*UTF8*$!
{
	archiveVersion = 1;
	classes = {
	};
	objectVersion = 50;
	objects = {

/* Begin PBXBuildFile section */
		7B41306D25ADC4E1001360D5 /* AppDelegate.swift in Sources */ = {isa = PBXBuildFile; fileRef = 7B41306C25ADC4E1001360D5 /* AppDelegate.swift */; };
		7B41306F25ADC4E1001360D5 /* SceneDelegate.swift in Sources */ = {isa = PBXBuildFile; fileRef = 7B41306E25ADC4E1001360D5 /* SceneDelegate.swift */; };
		7B41307125ADC4E1001360D5 /* ViewController.swift in Sources */ = {isa = PBXBuildFile; fileRef = 7B41307025ADC4E1001360D5 /* ViewController.swift */; };
		7B41307425ADC4E1001360D5 /* Main.storyboard in Resources */ = {isa = PBXBuildFile; fileRef = 7B41307225ADC4E1001360D5 /* Main.storyboard */; };
		7B41307625ADC4E3001360D5 /* Assets.xcassets in Resources */ = {isa = PBXBuildFile; fileRef = 7B41307525ADC4E3001360D5 /* Assets.xcassets */; };
		7B41307925ADC4E3001360D5 /* LaunchScreen.storyboard in Resources */ = {isa = PBXBuildFile; fileRef = 7B41307725ADC4E3001360D5 /* LaunchScreen.storyboard */; };
		7B41308325ADC55B001360D5 /* DreamListViewController.swift in Sources */ = {isa = PBXBuildFile; fileRef = 7B41308225ADC55B001360D5 /* DreamListViewController.swift */; };
		7B41308725ADCE20001360D5 /* Dream.swift in Sources */ = {isa = PBXBuildFile; fileRef = 7B41308625ADCE20001360D5 /* Dream.swift */; };
		7B41309225ADD34D001360D5 /* FireBreathingParticle.sks in Resources */ = {isa = PBXBuildFile; fileRef = 7B41308C25ADD34D001360D5 /* FireBreathingParticle.sks */; };
		7B41309325ADD34D001360D5 /* LaserFocusParticle.sks in Resources */ = {isa = PBXBuildFile; fileRef = 7B41308D25ADD34D001360D5 /* LaserFocusParticle.sks */; };
		7B41309425ADD34D001360D5 /* MagicParticle.sks in Resources */ = {isa = PBXBuildFile; fileRef = 7B41308E25ADD34D001360D5 /* MagicParticle.sks */; };
		7B41309525ADD34D001360D5 /* RainParticle.sks in Resources */ = {isa = PBXBuildFile; fileRef = 7B41308F25ADD34D001360D5 /* RainParticle.sks */; };
		7B41309625ADD34D001360D5 /* SnowParticle.sks in Resources */ = {isa = PBXBuildFile; fileRef = 7B41309025ADD34D001360D5 /* SnowParticle.sks */; };
		7B41309725ADD34D001360D5 /* FirefliesParticle.sks in Resources */ = {isa = PBXBuildFile; fileRef = 7B41309125ADD34D001360D5 /* FirefliesParticle.sks */; };
		7B41309A25ADD35B001360D5 /* spark.png in Resources */ = {isa = PBXBuildFile; fileRef = 7B41309925ADD35B001360D5 /* spark.png */; };
		7B41309E25ADD965001360D5 /* Dream+Diff.swift in Sources */ = {isa = PBXBuildFile; fileRef = 7B41309D25ADD965001360D5 /* Dream+Diff.swift */; };
		7B4130A425ADDE62001360D5 /* Rendering.swift in Sources */ = {isa = PBXBuildFile; fileRef = 7B4130A325ADDE62001360D5 /* Rendering.swift */; };
		7B4130A925ADDED7001360D5 /* Drawable.swift in Sources */ = {isa = PBXBuildFile; fileRef = 7B4130A825ADDED7001360D5 /* Drawable.swift */; };
		7BA24E2325ADE5FB00834976 /* Layout.swift in Sources */ = {isa = PBXBuildFile; fileRef = 7BA24E2225ADE5FB00834976 /* Layout.swift */; };
		7BA24E2825ADE64000834976 /* UIView+Layout.swift in Sources */ = {isa = PBXBuildFile; fileRef = 7BA24E2725ADE64000834976 /* UIView+Layout.swift */; };
		7BA24E2C25ADE64600834976 /* SKNode+Layout.swift in Sources */ = {isa = PBXBuildFile; fileRef = 7BA24E2B25ADE64600834976 /* SKNode+Layout.swift */; };
		7BA24E3425ADE99C00834976 /* InsetLayout.swift in Sources */ = {isa = PBXBuildFile; fileRef = 7BA24E3325ADE99C00834976 /* InsetLayout.swift */; };
		7BA24E3825ADEBA700834976 /* BackgroundLayout.swift in Sources */ = {isa = PBXBuildFile; fileRef = 7BA24E3725ADEBA700834976 /* BackgroundLayout.swift */; };
		7BA24E3B25ADECA100834976 /* ZStackLayout.swift in Sources */ = {isa = PBXBuildFile; fileRef = 7BA24E3A25ADECA100834976 /* ZStackLayout.swift */; };
		7BA24E3E25ADED2100834976 /* CascadingLayout.swift in Sources */ = {isa = PBXBuildFile; fileRef = 7BA24E3D25ADED2100834976 /* CascadingLayout.swift */; };
		7BA24E4125ADEE6300834976 /* DecoratingLayout.swift in Sources */ = {isa = PBXBuildFile; fileRef = 7BA24E4025ADEE6300834976 /* DecoratingLayout.swift */; };
		7BA24E4425ADEF8700834976 /* MultiPaneLayout.swift in Sources */ = {isa = PBXBuildFile; fileRef = 7BA24E4325ADEF8700834976 /* MultiPaneLayout.swift */; };
		7BA24E4725ADF05600834976 /* DreamEffectLayout.swift in Sources */ = {isa = PBXBuildFile; fileRef = 7BA24E4625ADF05600834976 /* DreamEffectLayout.swift */; };
		7BA24E4C25ADF30900834976 /* CreatureCell.swift in Sources */ = {isa = PBXBuildFile; fileRef = 7BA24E4B25ADF30900834976 /* CreatureCell.swift */; };
		7BA24E5025ADF30F00834976 /* DreamCell.swift in Sources */ = {isa = PBXBuildFile; fileRef = 7BA24E4F25ADF30F00834976 /* DreamCell.swift */; };
		7BA24E5325ADF5D500834976 /* DreamPreviewHeaderReusableView.swift in Sources */ = {isa = PBXBuildFile; fileRef = 7BA24E5225ADF5D500834976 /* DreamPreviewHeaderReusableView.swift */; };
		7BEC8F8725AE7C73008EF9CF /* DreamScene.swift in Sources */ = {isa = PBXBuildFile; fileRef = 7BEC8F8625AE7C73008EF9CF /* DreamScene.swift */; };
		7BEC8F8A25AE7EF2008EF9CF /* CreatureCollectionViewCell.swift in Sources */ = {isa = PBXBuildFile; fileRef = 7BEC8F8925AE7EF2008EF9CF /* CreatureCollectionViewCell.swift */; };
		7BEC8F8D25AE81ED008EF9CF /* EffectCollectionViewCell.swift in Sources */ = {isa = PBXBuildFile; fileRef = 7BEC8F8C25AE81ED008EF9CF /* EffectCollectionViewCell.swift */; };
		7BEC8F9025AE870D008EF9CF /* CollectionViewHeaderReusableView.swift in Sources */ = {isa = PBXBuildFile; fileRef = 7BEC8F8F25AE870D008EF9CF /* CollectionViewHeaderReusableView.swift */; };
		7BEC8F9425AE87D5008EF9CF /* TextEntryCollectionViewCell.swift in Sources */ = {isa = PBXBuildFile; fileRef = 7BEC8F9325AE87D5008EF9CF /* TextEntryCollectionViewCell.swift */; };
		7BEC8F9A25AE88C8008EF9CF /* DreamListViewControllerModel.swift in Sources */ = {isa = PBXBuildFile; fileRef = 7BEC8F9925AE88C8008EF9CF /* DreamListViewControllerModel.swift */; };
		7BEC8F9D25AE8F96008EF9CF /* DreamListViewControllerState.swift in Sources */ = {isa = PBXBuildFile; fileRef = 7BEC8F9C25AE8F96008EF9CF /* DreamListViewControllerState.swift */; };
		7BEC8FA025AE9D0C008EF9CF /* DreamDetailViewController.swift in Sources */ = {isa = PBXBuildFile; fileRef = 7BEC8F9F25AE9D0C008EF9CF /* DreamDetailViewController.swift */; };
		7BEC8FA325AE9D15008EF9CF /* FavoriteCreatureListViewController.swift in Sources */ = {isa = PBXBuildFile; fileRef = 7BEC8FA225AE9D15008EF9CF /* FavoriteCreatureListViewController.swift */; };
/* End PBXBuildFile section */

/* Begin PBXFileReference section */
		7B41306925ADC4E1001360D5 /* LucidDreamsSimilar.app */ = {isa = PBXFileReference; explicitFileType = wrapper.application; includeInIndex = 0; path = LucidDreamsSimilar.app; sourceTree = BUILT_PRODUCTS_DIR; };
		7B41306C25ADC4E1001360D5 /* AppDelegate.swift */ = {isa = PBXFileReference; lastKnownFileType = sourcecode.swift; path = AppDelegate.swift; sourceTree = "<group>"; };
		7B41306E25ADC4E1001360D5 /* SceneDelegate.swift */ = {isa = PBXFileReference; lastKnownFileType = sourcecode.swift; path = SceneDelegate.swift; sourceTree = "<group>"; };
		7B41307025ADC4E1001360D5 /* ViewController.swift */ = {isa = PBXFileReference; lastKnownFileType = sourcecode.swift; path = ViewController.swift; sourceTree = "<group>"; };
		7B41307325ADC4E1001360D5 /* Base */ = {isa = PBXFileReference; lastKnownFileType = file.storyboard; name = Base; path = Base.lproj/Main.storyboard; sourceTree = "<group>"; };
		7B41307525ADC4E3001360D5 /* Assets.xcassets */ = {isa = PBXFileReference; lastKnownFileType = folder.assetcatalog; path = Assets.xcassets; sourceTree = "<group>"; };
		7B41307825ADC4E3001360D5 /* Base */ = {isa = PBXFileReference; lastKnownFileType = file.storyboard; name = Base; path = Base.lproj/LaunchScreen.storyboard; sourceTree = "<group>"; };
		7B41307A25ADC4E3001360D5 /* Info.plist */ = {isa = PBXFileReference; lastKnownFileType = text.plist.xml; path = Info.plist; sourceTree = "<group>"; };
		7B41308225ADC55B001360D5 /* DreamListViewController.swift */ = {isa = PBXFileReference; lastKnownFileType = sourcecode.swift; path = DreamListViewController.swift; sourceTree = "<group>"; };
		7B41308625ADCE20001360D5 /* Dream.swift */ = {isa = PBXFileReference; lastKnownFileType = sourcecode.swift; path = Dream.swift; sourceTree = "<group>"; };
		7B41308C25ADD34D001360D5 /* FireBreathingParticle.sks */ = {isa = PBXFileReference; lastKnownFileType = file.sks; path = FireBreathingParticle.sks; sourceTree = "<group>"; };
		7B41308D25ADD34D001360D5 /* LaserFocusParticle.sks */ = {isa = PBXFileReference; lastKnownFileType = file.sks; path = LaserFocusParticle.sks; sourceTree = "<group>"; };
		7B41308E25ADD34D001360D5 /* MagicParticle.sks */ = {isa = PBXFileReference; lastKnownFileType = file.sks; path = MagicParticle.sks; sourceTree = "<group>"; };
		7B41308F25ADD34D001360D5 /* RainParticle.sks */ = {isa = PBXFileReference; lastKnownFileType = file.sks; path = RainParticle.sks; sourceTree = "<group>"; };
		7B41309025ADD34D001360D5 /* SnowParticle.sks */ = {isa = PBXFileReference; lastKnownFileType = file.sks; path = SnowParticle.sks; sourceTree = "<group>"; };
		7B41309125ADD34D001360D5 /* FirefliesParticle.sks */ = {isa = PBXFileReference; lastKnownFileType = file.sks; path = FirefliesParticle.sks; sourceTree = "<group>"; };
		7B41309925ADD35B001360D5 /* spark.png */ = {isa = PBXFileReference; lastKnownFileType = image.png; path = spark.png; sourceTree = "<group>"; };
		7B41309D25ADD965001360D5 /* Dream+Diff.swift */ = {isa = PBXFileReference; lastKnownFileType = sourcecode.swift; path = "Dream+Diff.swift"; sourceTree = "<group>"; };
		7B4130A325ADDE62001360D5 /* Rendering.swift */ = {isa = PBXFileReference; lastKnownFileType = sourcecode.swift; path = Rendering.swift; sourceTree = "<group>"; };
		7B4130A825ADDED7001360D5 /* Drawable.swift */ = {isa = PBXFileReference; lastKnownFileType = sourcecode.swift; path = Drawable.swift; sourceTree = "<group>"; };
		7BA24E2225ADE5FB00834976 /* Layout.swift */ = {isa = PBXFileReference; lastKnownFileType = sourcecode.swift; path = Layout.swift; sourceTree = "<group>"; };
		7BA24E2725ADE64000834976 /* UIView+Layout.swift */ = {isa = PBXFileReference; lastKnownFileType = sourcecode.swift; path = "UIView+Layout.swift"; sourceTree = "<group>"; };
		7BA24E2B25ADE64600834976 /* SKNode+Layout.swift */ = {isa = PBXFileReference; lastKnownFileType = sourcecode.swift; path = "SKNode+Layout.swift"; sourceTree = "<group>"; };
		7BA24E3325ADE99C00834976 /* InsetLayout.swift */ = {isa = PBXFileReference; lastKnownFileType = sourcecode.swift; path = InsetLayout.swift; sourceTree = "<group>"; };
		7BA24E3725ADEBA700834976 /* BackgroundLayout.swift */ = {isa = PBXFileReference; lastKnownFileType = sourcecode.swift; path = BackgroundLayout.swift; sourceTree = "<group>"; };
		7BA24E3A25ADECA100834976 /* ZStackLayout.swift */ = {isa = PBXFileReference; lastKnownFileType = sourcecode.swift; path = ZStackLayout.swift; sourceTree = "<group>"; };
		7BA24E3D25ADED2100834976 /* CascadingLayout.swift */ = {isa = PBXFileReference; lastKnownFileType = sourcecode.swift; path = CascadingLayout.swift; sourceTree = "<group>"; };
		7BA24E4025ADEE6300834976 /* DecoratingLayout.swift */ = {isa = PBXFileReference; lastKnownFileType = sourcecode.swift; path = DecoratingLayout.swift; sourceTree = "<group>"; };
		7BA24E4325ADEF8700834976 /* MultiPaneLayout.swift */ = {isa = PBXFileReference; lastKnownFileType = sourcecode.swift; path = MultiPaneLayout.swift; sourceTree = "<group>"; };
		7BA24E4625ADF05600834976 /* DreamEffectLayout.swift */ = {isa = PBXFileReference; lastKnownFileType = sourcecode.swift; path = DreamEffectLayout.swift; sourceTree = "<group>"; };
		7BA24E4B25ADF30900834976 /* CreatureCell.swift */ = {isa = PBXFileReference; lastKnownFileType = sourcecode.swift; path = CreatureCell.swift; sourceTree = "<group>"; };
		7BA24E4F25ADF30F00834976 /* DreamCell.swift */ = {isa = PBXFileReference; lastKnownFileType = sourcecode.swift; path = DreamCell.swift; sourceTree = "<group>"; };
		7BA24E5225ADF5D500834976 /* DreamPreviewHeaderReusableView.swift */ = {isa = PBXFileReference; lastKnownFileType = sourcecode.swift; path = DreamPreviewHeaderReusableView.swift; sourceTree = "<group>"; };
		7BEC8F8625AE7C73008EF9CF /* DreamScene.swift */ = {isa = PBXFileReference; lastKnownFileType = sourcecode.swift; path = DreamScene.swift; sourceTree = "<group>"; };
		7BEC8F8925AE7EF2008EF9CF /* CreatureCollectionViewCell.swift */ = {isa = PBXFileReference; lastKnownFileType = sourcecode.swift; path = CreatureCollectionViewCell.swift; sourceTree = "<group>"; };
		7BEC8F8C25AE81ED008EF9CF /* EffectCollectionViewCell.swift */ = {isa = PBXFileReference; lastKnownFileType = sourcecode.swift; path = EffectCollectionViewCell.swift; sourceTree = "<group>"; };
		7BEC8F8F25AE870D008EF9CF /* CollectionViewHeaderReusableView.swift */ = {isa = PBXFileReference; lastKnownFileType = sourcecode.swift; path = CollectionViewHeaderReusableView.swift; sourceTree = "<group>"; };
		7BEC8F9325AE87D5008EF9CF /* TextEntryCollectionViewCell.swift */ = {isa = PBXFileReference; lastKnownFileType = sourcecode.swift; path = TextEntryCollectionViewCell.swift; sourceTree = "<group>"; };
		7BEC8F9925AE88C8008EF9CF /* DreamListViewControllerModel.swift */ = {isa = PBXFileReference; lastKnownFileType = sourcecode.swift; path = DreamListViewControllerModel.swift; sourceTree = "<group>"; };
		7BEC8F9C25AE8F96008EF9CF /* DreamListViewControllerState.swift */ = {isa = PBXFileReference; lastKnownFileType = sourcecode.swift; path = DreamListViewControllerState.swift; sourceTree = "<group>"; };
		7BEC8F9F25AE9D0C008EF9CF /* DreamDetailViewController.swift */ = {isa = PBXFileReference; lastKnownFileType = sourcecode.swift; path = DreamDetailViewController.swift; sourceTree = "<group>"; };
		7BEC8FA225AE9D15008EF9CF /* FavoriteCreatureListViewController.swift */ = {isa = PBXFileReference; lastKnownFileType = sourcecode.swift; path = FavoriteCreatureListViewController.swift; sourceTree = "<group>"; };
/* End PBXFileReference section */

/* Begin PBXFrameworksBuildPhase section */
		7B41306625ADC4E1001360D5 /* Frameworks */ = {
			isa = PBXFrameworksBuildPhase;
			buildActionMask = 2147483647;
			files = (
			);
			runOnlyForDeploymentPostprocessing = 0;
		};
/* End PBXFrameworksBuildPhase section */

/* Begin PBXGroup section */
		7B41306025ADC4E1001360D5 = {
			isa = PBXGroup;
			children = (
				7B41306B25ADC4E1001360D5 /* LucidDreamsSimilar */,
				7B41306A25ADC4E1001360D5 /* Products */,
			);
			sourceTree = "<group>";
		};
		7B41306A25ADC4E1001360D5 /* Products */ = {
			isa = PBXGroup;
			children = (
				7B41306925ADC4E1001360D5 /* LucidDreamsSimilar.app */,
			);
			name = Products;
			sourceTree = "<group>";
		};
		7B41306B25ADC4E1001360D5 /* LucidDreamsSimilar */ = {
			isa = PBXGroup;
			children = (
				7B41308925ADD308001360D5 /* View */,
				7B41308525ADC568001360D5 /* Model */,
				7B41308125ADC537001360D5 /* Controller */,
				7B41307025ADC4E1001360D5 /* ViewController.swift */,
				7B41307225ADC4E1001360D5 /* Main.storyboard */,
				7B41307525ADC4E3001360D5 /* Assets.xcassets */,
				7B41307725ADC4E3001360D5 /* LaunchScreen.storyboard */,
				7B41307A25ADC4E3001360D5 /* Info.plist */,
			);
			path = LucidDreamsSimilar;
			sourceTree = "<group>";
		};
		7B41308125ADC537001360D5 /* Controller */ = {
			isa = PBXGroup;
			children = (
				7B41306C25ADC4E1001360D5 /* AppDelegate.swift */,
				7B41306E25ADC4E1001360D5 /* SceneDelegate.swift */,
				7BEC8F9725AE88A8008EF9CF /* DreamListViewController */,
			);
			path = Controller;
			sourceTree = "<group>";
		};
		7B41308525ADC568001360D5 /* Model */ = {
			isa = PBXGroup;
			children = (
				7B41308625ADCE20001360D5 /* Dream.swift */,
				7B41309D25ADD965001360D5 /* Dream+Diff.swift */,
			);
			path = Model;
			sourceTree = "<group>";
		};
		7B41308925ADD308001360D5 /* View */ = {
			isa = PBXGroup;
			children = (
				7BA24E2125ADE5E800834976 /* Layout */,
				7B41308A25ADD310001360D5 /* SpriteKit */,
				7B4130A225ADDE55001360D5 /* Rendering */,
				7BA24E4925ADF2E900834976 /* Table View */,
				7BA24E4A25ADF2EF00834976 /* Collection View */,
			);
			path = View;
			sourceTree = "<group>";
		};
		7B41308A25ADD310001360D5 /* SpriteKit */ = {
			isa = PBXGroup;
			children = (
				7B41308B25ADD319001360D5 /* Particles */,
				7BEC8F8625AE7C73008EF9CF /* DreamScene.swift */,
			);
			path = SpriteKit;
			sourceTree = "<group>";
		};
		7B41308B25ADD319001360D5 /* Particles */ = {
			isa = PBXGroup;
			children = (
				7B41308C25ADD34D001360D5 /* FireBreathingParticle.sks */,
				7B41309125ADD34D001360D5 /* FirefliesParticle.sks */,
				7B41308D25ADD34D001360D5 /* LaserFocusParticle.sks */,
				7B41308E25ADD34D001360D5 /* MagicParticle.sks */,
				7B41308F25ADD34D001360D5 /* RainParticle.sks */,
				7B41309025ADD34D001360D5 /* SnowParticle.sks */,
				7B41309925ADD35B001360D5 /* spark.png */,
			);
			path = Particles;
			sourceTree = "<group>";
		};
		7B4130A225ADDE55001360D5 /* Rendering */ = {
			isa = PBXGroup;
			children = (
				7B4130A825ADDED7001360D5 /* Drawable.swift */,
				7B4130A325ADDE62001360D5 /* Rendering.swift */,
			);
			path = Rendering;
			sourceTree = "<group>";
		};
		7BA24E2125ADE5E800834976 /* Layout */ = {
			isa = PBXGroup;
			children = (
				7BA24E2225ADE5FB00834976 /* Layout.swift */,
				7BA24E2625ADE63400834976 /* Leaves */,
				7BA24E3225ADE96D00834976 /* Shared */,
			);
			path = Layout;
			sourceTree = "<group>";
		};
		7BA24E2625ADE63400834976 /* Leaves */ = {
			isa = PBXGroup;
			children = (
				7BA24E2725ADE64000834976 /* UIView+Layout.swift */,
				7BA24E2B25ADE64600834976 /* SKNode+Layout.swift */,
			);
			path = Leaves;
			sourceTree = "<group>";
		};
		7BA24E3225ADE96D00834976 /* Shared */ = {
			isa = PBXGroup;
			children = (
				7BA24E3325ADE99C00834976 /* InsetLayout.swift */,
				7BA24E3725ADEBA700834976 /* BackgroundLayout.swift */,
				7BA24E3A25ADECA100834976 /* ZStackLayout.swift */,
				7BA24E3D25ADED2100834976 /* CascadingLayout.swift */,
				7BA24E4025ADEE6300834976 /* DecoratingLayout.swift */,
				7BA24E4325ADEF8700834976 /* MultiPaneLayout.swift */,
				7BA24E4625ADF05600834976 /* DreamEffectLayout.swift */,
			);
			path = Shared;
			sourceTree = "<group>";
		};
		7BA24E4925ADF2E900834976 /* Table View */ = {
			isa = PBXGroup;
			children = (
				7BA24E4B25ADF30900834976 /* CreatureCell.swift */,
				7BA24E4F25ADF30F00834976 /* DreamCell.swift */,
			);
			path = "Table View";
			sourceTree = "<group>";
		};
		7BA24E4A25ADF2EF00834976 /* Collection View */ = {
			isa = PBXGroup;
			children = (
				7BA24E5225ADF5D500834976 /* DreamPreviewHeaderReusableView.swift */,
				7BEC8F8925AE7EF2008EF9CF /* CreatureCollectionViewCell.swift */,
				7BEC8F8C25AE81ED008EF9CF /* EffectCollectionViewCell.swift */,
				7BEC8F8F25AE870D008EF9CF /* CollectionViewHeaderReusableView.swift */,
				7BEC8F9325AE87D5008EF9CF /* TextEntryCollectionViewCell.swift */,
			);
			path = "Collection View";
			sourceTree = "<group>";
		};
		7BEC8F9725AE88A8008EF9CF /* DreamListViewController */ = {
			isa = PBXGroup;
			children = (
				7B41308225ADC55B001360D5 /* DreamListViewController.swift */,
				7BEC8F9925AE88C8008EF9CF /* DreamListViewControllerModel.swift */,
				7BEC8F9C25AE8F96008EF9CF /* DreamListViewControllerState.swift */,
				7BEC8F9F25AE9D0C008EF9CF /* DreamDetailViewController.swift */,
				7BEC8FA225AE9D15008EF9CF /* FavoriteCreatureListViewController.swift */,
			);
			path = DreamListViewController;
			sourceTree = "<group>";
		};
/* End PBXGroup section */

/* Begin PBXNativeTarget section */
		7B41306825ADC4E1001360D5 /* LucidDreamsSimilar */ = {
			isa = PBXNativeTarget;
			buildConfigurationList = 7B41307D25ADC4E3001360D5 /* Build configuration list for PBXNativeTarget "LucidDreamsSimilar" */;
			buildPhases = (
				7B41306525ADC4E1001360D5 /* Sources */,
				7B41306625ADC4E1001360D5 /* Frameworks */,
				7B41306725ADC4E1001360D5 /* Resources */,
			);
			buildRules = (
			);
			dependencies = (
			);
			name = LucidDreamsSimilar;
			productName = LucidDreamsSimilar;
			productReference = 7B41306925ADC4E1001360D5 /* LucidDreamsSimilar.app */;
			productType = "com.apple.product-type.application";
		};
/* End PBXNativeTarget section */

/* Begin PBXProject section */
		7B41306125ADC4E1001360D5 /* Project object */ = {
			isa = PBXProject;
			attributes = {
				LastSwiftUpdateCheck = 1230;
				LastUpgradeCheck = 1230;
				TargetAttributes = {
					7B41306825ADC4E1001360D5 = {
						CreatedOnToolsVersion = 12.3;
					};
				};
			};
			buildConfigurationList = 7B41306425ADC4E1001360D5 /* Build configuration list for PBXProject "LucidDreamsSimilar" */;
			compatibilityVersion = "Xcode 9.3";
			developmentRegion = en;
			hasScannedForEncodings = 0;
			knownRegions = (
				en,
				Base,
			);
			mainGroup = 7B41306025ADC4E1001360D5;
			productRefGroup = 7B41306A25ADC4E1001360D5 /* Products */;
			projectDirPath = "";
			projectRoot = "";
			targets = (
				7B41306825ADC4E1001360D5 /* LucidDreamsSimilar */,
			);
		};
/* End PBXProject section */

/* Begin PBXResourcesBuildPhase section */
		7B41306725ADC4E1001360D5 /* Resources */ = {
			isa = PBXResourcesBuildPhase;
			buildActionMask = 2147483647;
			files = (
				7B41307925ADC4E3001360D5 /* LaunchScreen.storyboard in Resources */,
				7B41309425ADD34D001360D5 /* MagicParticle.sks in Resources */,
				7B41309625ADD34D001360D5 /* SnowParticle.sks in Resources */,
				7B41309325ADD34D001360D5 /* LaserFocusParticle.sks in Resources */,
				7B41309725ADD34D001360D5 /* FirefliesParticle.sks in Resources */,
				7B41309A25ADD35B001360D5 /* spark.png in Resources */,
				7B41307625ADC4E3001360D5 /* Assets.xcassets in Resources */,
				7B41309225ADD34D001360D5 /* FireBreathingParticle.sks in Resources */,
				7B41309525ADD34D001360D5 /* RainParticle.sks in Resources */,
				7B41307425ADC4E1001360D5 /* Main.storyboard in Resources */,
			);
			runOnlyForDeploymentPostprocessing = 0;
		};
/* End PBXResourcesBuildPhase section */

/* Begin PBXSourcesBuildPhase section */
		7B41306525ADC4E1001360D5 /* Sources */ = {
			isa = PBXSourcesBuildPhase;
			buildActionMask = 2147483647;
			files = (
				7B41307125ADC4E1001360D5 /* ViewController.swift in Sources */,
				7B4130A425ADDE62001360D5 /* Rendering.swift in Sources */,
				7B41306D25ADC4E1001360D5 /* AppDelegate.swift in Sources */,
				7BA24E5025ADF30F00834976 /* DreamCell.swift in Sources */,
				7BEC8F9025AE870D008EF9CF /* CollectionViewHeaderReusableView.swift in Sources */,
				7BEC8F8725AE7C73008EF9CF /* DreamScene.swift in Sources */,
				7BEC8F8D25AE81ED008EF9CF /* EffectCollectionViewCell.swift in Sources */,
				7B4130A925ADDED7001360D5 /* Drawable.swift in Sources */,
				7BA24E4425ADEF8700834976 /* MultiPaneLayout.swift in Sources */,
				7BA24E2825ADE64000834976 /* UIView+Layout.swift in Sources */,
				7BA24E3B25ADECA100834976 /* ZStackLayout.swift in Sources */,
				7BA24E3425ADE99C00834976 /* InsetLayout.swift in Sources */,
				7B41308325ADC55B001360D5 /* DreamListViewController.swift in Sources */,
				7BEC8FA025AE9D0C008EF9CF /* DreamDetailViewController.swift in Sources */,
				7BA24E3825ADEBA700834976 /* BackgroundLayout.swift in Sources */,
				7BA24E2325ADE5FB00834976 /* Layout.swift in Sources */,
				7B41308725ADCE20001360D5 /* Dream.swift in Sources */,
				7BEC8F9425AE87D5008EF9CF /* TextEntryCollectionViewCell.swift in Sources */,
				7B41309E25ADD965001360D5 /* Dream+Diff.swift in Sources */,
				7BA24E4C25ADF30900834976 /* CreatureCell.swift in Sources */,
				7BEC8F9A25AE88C8008EF9CF /* DreamListViewControllerModel.swift in Sources */,
				7B41306F25ADC4E1001360D5 /* SceneDelegate.swift in Sources */,
				7BA24E4725ADF05600834976 /* DreamEffectLayout.swift in Sources */,
				7BEC8F9D25AE8F96008EF9CF /* DreamListViewControllerState.swift in Sources */,
				7BA24E2C25ADE64600834976 /* SKNode+Layout.swift in Sources */,
				7BEC8FA325AE9D15008EF9CF /* FavoriteCreatureListViewController.swift in Sources */,
				7BA24E3E25ADED2100834976 /* CascadingLayout.swift in Sources */,
				7BA24E4125ADEE6300834976 /* DecoratingLayout.swift in Sources */,
				7BA24E5325ADF5D500834976 /* DreamPreviewHeaderReusableView.swift in Sources */,
				7BEC8F8A25AE7EF2008EF9CF /* CreatureCollectionViewCell.swift in Sources */,
			);
			runOnlyForDeploymentPostprocessing = 0;
		};
/* End PBXSourcesBuildPhase section */

/* Begin PBXVariantGroup section */
		7B41307225ADC4E1001360D5 /* Main.storyboard */ = {
			isa = PBXVariantGroup;
			children = (
				7B41307325ADC4E1001360D5 /* Base */,
			);
			name = Main.storyboard;
			sourceTree = "<group>";
		};
		7B41307725ADC4E3001360D5 /* LaunchScreen.storyboard */ = {
			isa = PBXVariantGroup;
			children = (
				7B41307825ADC4E3001360D5 /* Base */,
			);
			name = LaunchScreen.storyboard;
			sourceTree = "<group>";
		};
/* End PBXVariantGroup section */

/* Begin XCBuildConfiguration section */
		7B41307B25ADC4E3001360D5 /* Debug */ = {
			isa = XCBuildConfiguration;
			buildSettings = {
				ALWAYS_SEARCH_USER_PATHS = NO;
				CLANG_ANALYZER_NONNULL = YES;
				CLANG_ANALYZER_NUMBER_OBJECT_CONVERSION = YES_AGGRESSIVE;
				CLANG_CXX_LANGUAGE_STANDARD = "gnu++14";
				CLANG_CXX_LIBRARY = "libc++";
				CLANG_ENABLE_MODULES = YES;
				CLANG_ENABLE_OBJC_ARC = YES;
				CLANG_ENABLE_OBJC_WEAK = YES;
				CLANG_WARN_BLOCK_CAPTURE_AUTORELEASING = YES;
				CLANG_WARN_BOOL_CONVERSION = YES;
				CLANG_WARN_COMMA = YES;
				CLANG_WARN_CONSTANT_CONVERSION = YES;
				CLANG_WARN_DEPRECATED_OBJC_IMPLEMENTATIONS = YES;
				CLANG_WARN_DIRECT_OBJC_ISA_USAGE = YES_ERROR;
				CLANG_WARN_DOCUMENTATION_COMMENTS = YES;
				CLANG_WARN_EMPTY_BODY = YES;
				CLANG_WARN_ENUM_CONVERSION = YES;
				CLANG_WARN_INFINITE_RECURSION = YES;
				CLANG_WARN_INT_CONVERSION = YES;
				CLANG_WARN_NON_LITERAL_NULL_CONVERSION = YES;
				CLANG_WARN_OBJC_IMPLICIT_RETAIN_SELF = YES;
				CLANG_WARN_OBJC_LITERAL_CONVERSION = YES;
				CLANG_WARN_OBJC_ROOT_CLASS = YES_ERROR;
				CLANG_WARN_QUOTED_INCLUDE_IN_FRAMEWORK_HEADER = YES;
				CLANG_WARN_RANGE_LOOP_ANALYSIS = YES;
				CLANG_WARN_STRICT_PROTOTYPES = YES;
				CLANG_WARN_SUSPICIOUS_MOVE = YES;
				CLANG_WARN_UNGUARDED_AVAILABILITY = YES_AGGRESSIVE;
				CLANG_WARN_UNREACHABLE_CODE = YES;
				CLANG_WARN__DUPLICATE_METHOD_MATCH = YES;
				COPY_PHASE_STRIP = NO;
				DEBUG_INFORMATION_FORMAT = dwarf;
				ENABLE_STRICT_OBJC_MSGSEND = YES;
				ENABLE_TESTABILITY = YES;
				GCC_C_LANGUAGE_STANDARD = gnu11;
				GCC_DYNAMIC_NO_PIC = NO;
				GCC_NO_COMMON_BLOCKS = YES;
				GCC_OPTIMIZATION_LEVEL = 0;
				GCC_PREPROCESSOR_DEFINITIONS = (
					"DEBUG=1",
					"$(inherited)",
				);
				GCC_WARN_64_TO_32_BIT_CONVERSION = YES;
				GCC_WARN_ABOUT_RETURN_TYPE = YES_ERROR;
				GCC_WARN_UNDECLARED_SELECTOR = YES;
				GCC_WARN_UNINITIALIZED_AUTOS = YES_AGGRESSIVE;
				GCC_WARN_UNUSED_FUNCTION = YES;
				GCC_WARN_UNUSED_VARIABLE = YES;
				IPHONEOS_DEPLOYMENT_TARGET = 14.3;
				MTL_ENABLE_DEBUG_INFO = INCLUDE_SOURCE;
				MTL_FAST_MATH = YES;
				ONLY_ACTIVE_ARCH = YES;
				SDKROOT = iphoneos;
				SWIFT_ACTIVE_COMPILATION_CONDITIONS = DEBUG;
				SWIFT_OPTIMIZATION_LEVEL = "-Onone";
			};
			name = Debug;
		};
		7B41307C25ADC4E3001360D5 /* Release */ = {
			isa = XCBuildConfiguration;
			buildSettings = {
				ALWAYS_SEARCH_USER_PATHS = NO;
				CLANG_ANALYZER_NONNULL = YES;
				CLANG_ANALYZER_NUMBER_OBJECT_CONVERSION = YES_AGGRESSIVE;
				CLANG_CXX_LANGUAGE_STANDARD = "gnu++14";
				CLANG_CXX_LIBRARY = "libc++";
				CLANG_ENABLE_MODULES = YES;
				CLANG_ENABLE_OBJC_ARC = YES;
				CLANG_ENABLE_OBJC_WEAK = YES;
				CLANG_WARN_BLOCK_CAPTURE_AUTORELEASING = YES;
				CLANG_WARN_BOOL_CONVERSION = YES;
				CLANG_WARN_COMMA = YES;
				CLANG_WARN_CONSTANT_CONVERSION = YES;
				CLANG_WARN_DEPRECATED_OBJC_IMPLEMENTATIONS = YES;
				CLANG_WARN_DIRECT_OBJC_ISA_USAGE = YES_ERROR;
				CLANG_WARN_DOCUMENTATION_COMMENTS = YES;
				CLANG_WARN_EMPTY_BODY = YES;
				CLANG_WARN_ENUM_CONVERSION = YES;
				CLANG_WARN_INFINITE_RECURSION = YES;
				CLANG_WARN_INT_CONVERSION = YES;
				CLANG_WARN_NON_LITERAL_NULL_CONVERSION = YES;
				CLANG_WARN_OBJC_IMPLICIT_RETAIN_SELF = YES;
				CLANG_WARN_OBJC_LITERAL_CONVERSION = YES;
				CLANG_WARN_OBJC_ROOT_CLASS = YES_ERROR;
				CLANG_WARN_QUOTED_INCLUDE_IN_FRAMEWORK_HEADER = YES;
				CLANG_WARN_RANGE_LOOP_ANALYSIS = YES;
				CLANG_WARN_STRICT_PROTOTYPES = YES;
				CLANG_WARN_SUSPICIOUS_MOVE = YES;
				CLANG_WARN_UNGUARDED_AVAILABILITY = YES_AGGRESSIVE;
				CLANG_WARN_UNREACHABLE_CODE = YES;
				CLANG_WARN__DUPLICATE_METHOD_MATCH = YES;
				COPY_PHASE_STRIP = NO;
				DEBUG_INFORMATION_FORMAT = "dwarf-with-dsym";
				ENABLE_NS_ASSERTIONS = NO;
				ENABLE_STRICT_OBJC_MSGSEND = YES;
				GCC_C_LANGUAGE_STANDARD = gnu11;
				GCC_NO_COMMON_BLOCKS = YES;
				GCC_WARN_64_TO_32_BIT_CONVERSION = YES;
				GCC_WARN_ABOUT_RETURN_TYPE = YES_ERROR;
				GCC_WARN_UNDECLARED_SELECTOR = YES;
				GCC_WARN_UNINITIALIZED_AUTOS = YES_AGGRESSIVE;
				GCC_WARN_UNUSED_FUNCTION = YES;
				GCC_WARN_UNUSED_VARIABLE = YES;
				IPHONEOS_DEPLOYMENT_TARGET = 14.3;
				MTL_ENABLE_DEBUG_INFO = NO;
				MTL_FAST_MATH = YES;
				SDKROOT = iphoneos;
				SWIFT_COMPILATION_MODE = wholemodule;
				SWIFT_OPTIMIZATION_LEVEL = "-O";
				VALIDATE_PRODUCT = YES;
			};
			name = Release;
		};
		7B41307E25ADC4E3001360D5 /* Debug */ = {
			isa = XCBuildConfiguration;
			buildSettings = {
				ASSETCATALOG_COMPILER_APPICON_NAME = AppIcon;
				ASSETCATALOG_COMPILER_GLOBAL_ACCENT_COLOR_NAME = AccentColor;
				CODE_SIGN_STYLE = Automatic;
				DEVELOPMENT_TEAM = NP69P64E7J;
				INFOPLIST_FILE = LucidDreamsSimilar/Info.plist;
				LD_RUNPATH_SEARCH_PATHS = (
					"$(inherited)",
					"@executable_path/Frameworks",
				);
				PRODUCT_BUNDLE_IDENTIFIER = com.odov.LucidDreamsSimilar;
				PRODUCT_NAME = "$(TARGET_NAME)";
				SWIFT_VERSION = 5.0;
				TARGETED_DEVICE_FAMILY = "1,2";
			};
			name = Debug;
		};
		7B41307F25ADC4E3001360D5 /* Release */ = {
			isa = XCBuildConfiguration;
			buildSettings = {
				ASSETCATALOG_COMPILER_APPICON_NAME = AppIcon;
				ASSETCATALOG_COMPILER_GLOBAL_ACCENT_COLOR_NAME = AccentColor;
				CODE_SIGN_STYLE = Automatic;
				DEVELOPMENT_TEAM = NP69P64E7J;
				INFOPLIST_FILE = LucidDreamsSimilar/Info.plist;
				LD_RUNPATH_SEARCH_PATHS = (
					"$(inherited)",
					"@executable_path/Frameworks",
				);
				PRODUCT_BUNDLE_IDENTIFIER = com.odov.LucidDreamsSimilar;
				PRODUCT_NAME = "$(TARGET_NAME)";
				SWIFT_VERSION = 5.0;
				TARGETED_DEVICE_FAMILY = "1,2";
			};
			name = Release;
		};
/* End XCBuildConfiguration section */

/* Begin XCConfigurationList section */
		7B41306425ADC4E1001360D5 /* Build configuration list for PBXProject "LucidDreamsSimilar" */ = {
			isa = XCConfigurationList;
			buildConfigurations = (
				7B41307B25ADC4E3001360D5 /* Debug */,
				7B41307C25ADC4E3001360D5 /* Release */,
			);
			defaultConfigurationIsVisible = 0;
			defaultConfigurationName = Release;
		};
		7B41307D25ADC4E3001360D5 /* Build configuration list for PBXNativeTarget "LucidDreamsSimilar" */ = {
			isa = XCConfigurationList;
			buildConfigurations = (
				7B41307E25ADC4E3001360D5 /* Debug */,
				7B41307F25ADC4E3001360D5 /* Release */,
			);
			defaultConfigurationIsVisible = 0;
			defaultConfigurationName = Release;
		};
/* End XCConfigurationList section */
	};
	rootObject = 7B41306125ADC4E1001360D5 /* Project object */;
}
